
Microsoft Visual Studio Solution File, Format Version 12.00
# Visual Studio Version 17
VisualStudioVersion = 17.0.31919.166
MinimumVisualStudioVersion = 10.0.40219.1
Project("{9A19103F-16F7-4668-BE54-9A1E7A4F7556}") = "NAppUpdateR", "src\NAppUpdateR\NAppUpdateR.csproj", "{EB88BB58-4B4A-4F42-A49F-6C2591132BBD}"
EndProject
Project("{9A19103F-16F7-4668-BE54-9A1E7A4F7556}") = "NAppUnitTest", "src\NAppUpdate.Tests\NAppUnitTest.csproj", "{EECC9E5F-43D0-432C-A7F1-7B3A5B6F9FFD}"
EndProject
Project("{9A19103F-16F7-4668-BE54-9A1E7A4F7556}") = "FeedBuilder", "FeedBuilder\FeedBuilder.csproj", "{2C43634E-851B-4FDD-A5AE-4F9B4F33E3C7}"
EndProject
Global
	GlobalSection(SolutionConfigurationPlatforms) = preSolution
		Debug|Any CPU = Debug|Any CPU
		Release|Any CPU = Release|Any CPU
	EndGlobalSection
	GlobalSection(ProjectConfigurationPlatforms) = postSolution
		{EB88BB58-4B4A-4F42-A49F-6C2591132BBD}.Debug|Any CPU.ActiveCfg = Debug|Any CPU
		{EB88BB58-4B4A-4F42-A49F-6C2591132BBD}.Debug|Any CPU.Build.0 = Debug|Any CPU
		{EB88BB58-4B4A-4F42-A49F-6C2591132BBD}.Release|Any CPU.ActiveCfg = Release|Any CPU
		{EB88BB58-4B4A-4F42-A49F-6C2591132BBD}.Release|Any CPU.Build.0 = Release|Any CPU
		{EECC9E5F-43D0-432C-A7F1-7B3A5B6F9FFD}.Debug|Any CPU.ActiveCfg = Debug|Any CPU
		{EECC9E5F-43D0-432C-A7F1-7B3A5B6F9FFD}.Debug|Any CPU.Build.0 = Debug|Any CPU
		{EECC9E5F-43D0-432C-A7F1-7B3A5B6F9FFD}.Release|Any CPU.ActiveCfg = Release|Any CPU
		{EECC9E5F-43D0-432C-A7F1-7B3A5B6F9FFD}.Release|Any CPU.Build.0 = Release|Any CPU
		{2C43634E-851B-4FDD-A5AE-4F9B4F33E3C7}.Debug|Any CPU.ActiveCfg = Debug|Any CPU
		{2C43634E-851B-4FDD-A5AE-4F9B4F33E3C7}.Debug|Any CPU.Build.0 = Debug|Any CPU
		{2C43634E-851B-4FDD-A5AE-4F9B4F33E3C7}.Release|Any CPU.ActiveCfg = Release|Any CPU
		{2C43634E-851B-4FDD-A5AE-4F9B4F33E3C7}.Release|Any CPU.Build.0 = Release|Any CPU
	EndGlobalSection
	GlobalSection(SolutionProperties) = preSolution
		HideSolutionNode = FALSE
	EndGlobalSection
	GlobalSection(ExtensibilityGlobals) = postSolution
		SolutionGuid = {F01899A7-724F-4DA1-BC2B-C60CF8684D97}
	EndGlobalSection
EndGlobal
